
Microsoft Visual Studio Solution File, Format Version 12.00
# Visual Studio 15
VisualStudioVersion = 15.0.28307.572
MinimumVisualStudioVersion = 10.0.40219.1
Project("{FAE04EC0-301F-11D3-BF4B-00C04F79EFBC}") = "templateExamen", "templateExamen\templateExamen.csproj", "{214DA8F8-2F6E-443E-A5C0-13D3AE884931}"
EndProject
Project("{FAE04EC0-301F-11D3-BF4B-00C04F79EFBC}") = "TestServiceUser", "TestServiceUser\TestServiceUser.csproj", "{0B104D35-BEA2-4275-AE28-CB873D793335}"
EndProject
Global
	GlobalSection(SolutionConfigurationPlatforms) = preSolution
		Debug|Any CPU = Debug|Any CPU
		Release|Any CPU = Release|Any CPU
	EndGlobalSection
	GlobalSection(ProjectConfigurationPlatforms) = postSolution
		{214DA8F8-2F6E-443E-A5C0-13D3AE884931}.Debug|Any CPU.ActiveCfg = Debug|Any CPU
		{214DA8F8-2F6E-443E-A5C0-13D3AE884931}.Debug|Any CPU.Build.0 = Debug|Any CPU
		{214DA8F8-2F6E-443E-A5C0-13D3AE884931}.Release|Any CPU.ActiveCfg = Release|Any CPU
		{214DA8F8-2F6E-443E-A5C0-13D3AE884931}.Release|Any CPU.Build.0 = Release|Any CPU
		{0B104D35-BEA2-4275-AE28-CB873D793335}.Debug|Any CPU.ActiveCfg = Debug|Any CPU
		{0B104D35-BEA2-4275-AE28-CB873D793335}.Debug|Any CPU.Build.0 = Debug|Any CPU
		{0B104D35-BEA2-4275-AE28-CB873D793335}.Release|Any CPU.ActiveCfg = Release|Any CPU
		{0B104D35-BEA2-4275-AE28-CB873D793335}.Release|Any CPU.Build.0 = Release|Any CPU
	EndGlobalSection
	GlobalSection(SolutionProperties) = preSolution
		HideSolutionNode = FALSE
	EndGlobalSection
	GlobalSection(ExtensibilityGlobals) = postSolution
		SolutionGuid = {BF8F3A88-08D5-4D66-AB1B-B826FE753E27}
	EndGlobalSection
EndGlobal
